{
  "name": "example",
  "lockfileVersion": 2,
  "requires": true,
  "packages": {
    "": {
      "dependencies": {
        "tabris": "nightly"
      }
    },
    "node_modules/tabris": {
      "version": "3.9.0-dev.20240801",
      "resolved": "https://registry.npmjs.org/tabris/-/tabris-3.9.0-dev.20240801.tgz",
      "integrity": "sha512-u6Tjxs2HV5l2MUzZwEiJPipG/2V9Attujf52sR9zESTYKiGMhF78gIoLF8O83Q3SbDtgI4oVtPLQTInhKFLVOw=="
    }
  },
  "dependencies": {
    "tabris": {
      "version": "3.9.0-dev.20240801",
      "resolved": "https://registry.npmjs.org/tabris/-/tabris-3.9.0-dev.20240801.tgz",
      "integrity": "sha512-u6Tjxs2HV5l2MUzZwEiJPipG/2V9Attujf52sR9zESTYKiGMhF78gIoLF8O83Q3SbDtgI4oVtPLQTInhKFLVOw=="
    }
  }
}
